<?xml version="1.0" encoding="utf-8"?>
<Project ToolsVersion="4.0" xmlns="http://schemas.microsoft.com/developer/msbuild/2003">
  <ItemGroup>
    <ClInclude Include="..\..\source\kit\quaternion.h" />
    <ClInclude Include="..\..\source\kit\matrix.h" />
    <ClInclude Include="..\..\source\kit\range.h" />
    <ClInclude Include="..\..\source\kit\rect.h" />
    <ClInclude Include="..\..\source\kit\box.h" />
    <ClInclude Include="..\..\source\kit\interval.h" />
    <ClInclude Include="..\..\source\kit\ptr.h" />
    <ClInclude Include="..\..\source\kit\singleton.h" />
    <ClInclude Include="..\..\source\kit\coord.h" />
    <ClInclude Include="..\..\source\kit\object_vector.h" />
    <ClInclude Include="..\..\source\kit\math_util.h" />
    <ClInclude Include="..\..\source\kit\text.h" />
    <ClInclude Include="..\..\source\kit\config.h" />
    <ClInclude Include="..\..\source\kit\string_util.h" />
  </ItemGroup>
  <ItemGroup>
    <ClCompile Include="..\..\source\kit\math_util.cpp" />
    <ClCompile Include="..\..\source\kit\text.cpp" />
    <ClCompile Include="..\..\source\kit\config.cpp" />
    <ClCompile Include="..\..\source\kit\string_util.cpp" />
  </ItemGroup>
</Project>