<?xml version="1.0" encoding="utf-8"?>
<Project ToolsVersion="4.0" xmlns="http://schemas.microsoft.com/developer/msbuild/2003">
  <ItemGroup>
    <Filter Include="src">
      <UniqueIdentifier>{a15cd684-3daf-4b36-9722-6e7cf32dbd0e}</UniqueIdentifier>
    </Filter>
  </ItemGroup>
  <ItemGroup>
    <ClCompile Include="src\app.cpp" />
    <ClCompile Include="src\camera.cpp" />
    <ClCompile Include="src\csv.cpp" />
    <ClCompile Include="src\event.cpp" />
    <ClCompile Include="src\free_fly_camera_controller.cpp" />
    <ClCompile Include="src\light.cpp" />
    <ClCompile Include="src\model.cpp" />
    <ClCompile Include="src\open_gl.cpp" />
    <ClCompile Include="src\scene.cpp" />
    <ClCompile Include="src\scene_entity.cpp" />
    <ClCompile Include="src\sdl_app.cpp" />
    <ClCompile Include="src\shader.cpp" />
    <ClCompile Include="src\string_util.cpp" />
    <ClCompile Include="src\texture.cpp" />
    <ClCompile Include="src\vertex_buffer_object.cpp" />
    <ClCompile Include="src\flat_world\entity.cpp" />
    <ClCompile Include="src\flat_world\flat_world.cpp" />
    <ClCompile Include="src\flat_world\polygon.cpp" />
    <ClCompile Include="src\gui\button.cpp" />
    <ClCompile Include="src\gui\layers.cpp" />
    <ClCompile Include="src\gui\model.cpp" />
    <ClCompile Include="src\gui\partition.cpp" />
    <ClCompile Include="src\gui\sprite.cpp" />
    <ClCompile Include="src\gui\view.cpp" />
    <ClCompile Include="src\gui\widget_container.cpp" />
    <ClCompile Include="src\flat_world\scene_polygon.cpp" />
    <ClCompile Include="src\camera_2d.cpp" />
    <ClCompile Include="src\scene_2d.cpp" />
    <ClCompile Include="src\light_2d.cpp" />
    <ClCompile Include="src\model_2d.cpp" />
    <ClCompile Include="src\frame_2d.cpp" />
    <ClCompile Include="src\entity_2d.cpp" />
  </ItemGroup>
  <ItemGroup>
    <ClInclude Include="src\app.h" />
    <ClInclude Include="src\camera.h" />
    <ClInclude Include="src\controller.h" />
    <ClInclude Include="src\csv.h" />
    <ClInclude Include="src\event.h" />
    <ClInclude Include="src\free_fly_camera_controller.h" />
    <ClInclude Include="src\gl3.h" />
    <ClInclude Include="src\interval.h" />
    <ClInclude Include="src\light.h" />
    <ClInclude Include="src\math_util.h" />
    <ClInclude Include="src\matrix.h" />
    <ClInclude Include="src\model.h" />
    <ClInclude Include="src\open_gl.h" />
    <ClInclude Include="src\ptr.h" />
    <ClInclude Include="src\quaternion.h" />
    <ClInclude Include="src\ray.h" />
    <ClInclude Include="src\resource_manager.h" />
    <ClInclude Include="src\scene.h" />
    <ClInclude Include="src\scene_entity.h" />
    <ClInclude Include="src\serialize.h" />
    <ClInclude Include="src\serialize_std_string.h" />
    <ClInclude Include="src\serialize_std_vector.h" />
    <ClInclude Include="src\serialize_vector.h" />
    <ClInclude Include="src\shader.h" />
    <ClInclude Include="src\storage.h" />
    <ClInclude Include="src\string_util.h" />
    <ClInclude Include="src\texture.h" />
    <ClInclude Include="src\vector.h" />
    <ClInclude Include="src\vertex_buffer_object.h" />
    <ClInclude Include="inc\app.h" />
    <ClInclude Include="src\flat_world\polygon.h" />
    <ClInclude Include="src\flat_world\entity.h" />
    <ClInclude Include="src\flat_world\flat_world.h" />
    <ClInclude Include="src\gui\button.h" />
    <ClInclude Include="src\gui\layers.h" />
    <ClInclude Include="src\gui\model.h" />
    <ClInclude Include="src\gui\partition.h" />
    <ClInclude Include="src\gui\sprite.h" />
    <ClInclude Include="src\gui\view.h" />
    <ClInclude Include="src\gui\Widget.h" />
    <ClInclude Include="src\gui\widget_container.h" />
    <ClInclude Include="src\flat_world\scene_polygon.h" />
    <ClInclude Include="src\camera_2d.h" />
    <ClInclude Include="src\circle.h" />
    <ClInclude Include="src\scene_2d.h" />
    <ClInclude Include="src\light_2d.h" />
    <ClInclude Include="src\model_2d.h" />
    <ClInclude Include="src\frame_2d.h" />
    <ClInclude Include="src\entity_2d.h" />
  </ItemGroup>
</Project>